{
    "_readme": [
        "This file locks the dependencies of your project to a known state",
        "Read more about it at https://getcomposer.org/doc/01-basic-usage.md#installing-dependencies",
        "This file is @generated automatically"
    ],
    "content-hash": "eed005997179b17d17a2fc9b334d2756",
    "packages": [
        {
            "name": "aura/sql",
            "version": "3.0.0",
            "source": {
                "type": "git",
                "url": "https://github.com/auraphp/Aura.Sql.git",
                "reference": "2be02d5dfd9fdee6df199de1a19572aa490bb744"
            },
            "dist": {
                "type": "zip",
                "url": "https://api.github.com/repos/auraphp/Aura.Sql/zipball/2be02d5dfd9fdee6df199de1a19572aa490bb744",
                "reference": "2be02d5dfd9fdee6df199de1a19572aa490bb744",
                "shasum": ""
            },
            "require": {
                "php": ">=5.6.0",
                "psr/log": "^1.0"
            },
            "require-dev": {
                "pds/skeleton": "~1.0",
                "phpunit/phpunit": "~5.0"
            },
            "type": "library",
            "autoload": {
                "psr-4": {
                    "Aura\\Sql\\": "src/"
                }
            },
            "notification-url": "https://packagist.org/downloads/",
            "license": [
                "MIT"
            ],
            "authors": [
                {
                    "name": "Aura.Sql Contributors",
                    "homepage": "https://github.com/auraphp/Aura.Sql/contributors"
                }
            ],
            "description": "A PDO extension that provides lazy connections, array quoting, query profiling, value binding, and convenience methods for common fetch styles. Because it extends PDO, existing code that uses PDO can use this without any changes to the existing code.",
            "homepage": "https://github.com/auraphp/Aura.Sql",
            "keywords": [
                "mysql",
                "pdo",
                "pgsql",
                "postgres",
                "postgresql",
                "sql server",
                "sqlite",
                "sqlserver",
                "sqlsrv"
            ],
            "time": "2018-06-11T12:57:42+00:00"
        },
        {
            "name": "aura/sqlquery",
            "version": "2.7.1",
            "source": {
                "type": "git",
                "url": "https://github.com/auraphp/Aura.SqlQuery.git",
                "reference": "dd81b57aeb43628180a9c70a4df58d872024d7f2"
            },
            "dist": {
                "type": "zip",
                "url": "https://api.github.com/repos/auraphp/Aura.SqlQuery/zipball/dd81b57aeb43628180a9c70a4df58d872024d7f2",
                "reference": "dd81b57aeb43628180a9c70a4df58d872024d7f2",
                "shasum": ""
            },
            "require": {
                "php": ">=5.3.9"
            },
            "suggest": {
                "aura/sql": "Provides an extension to the native PDO along with a profiler and connection locator. Use version 2.*."
            },
            "type": "library",
            "extra": {
                "aura": {
                    "type": "library"
                }
            },
            "autoload": {
                "psr-4": {
                    "Aura\\SqlQuery\\": "src/"
                }
            },
            "notification-url": "https://packagist.org/downloads/",
            "license": [
                "BSD-2-Clause"
            ],
            "authors": [
                {
                    "name": "Aura.SqlQuery Contributors",
                    "homepage": "https://github.com/auraphp/Aura.SqlQuery/contributors"
                }
            ],
            "description": "Object-oriented query builders for MySQL, Postgres, SQLite, and SQLServer; can be used with any database connection library.",
            "homepage": "https://github.com/auraphp/Aura.SqlQuery",
            "keywords": [
                "database",
                "db",
                "delete",
                "dml",
                "insert",
                "mysql",
                "pdo",
                "pgsql",
                "postgres",
                "postgresql",
                "query",
                "select",
                "sql",
                "sql server",
                "sqlite",
                "sqlserver",
                "update"
            ],
            "time": "2016-10-03T20:34:56+00:00"
        },
        {
            "name": "bramus/router",
            "version": "1.4.2",
            "source": {
                "type": "git",
                "url": "https://github.com/bramus/router.git",
                "reference": "60926db086b797c77081ea1165d1f590464adf13"
            },
            "dist": {
                "type": "zip",
                "url": "https://api.github.com/repos/bramus/router/zipball/60926db086b797c77081ea1165d1f590464adf13",
                "reference": "60926db086b797c77081ea1165d1f590464adf13",
                "shasum": ""
            },
            "require": {
                "php": ">=5.3.0"
            },
            "require-dev": {
                "friendsofphp/php-cs-fixer": "~2.14",
                "phpunit/php-code-coverage": "~2.0",
                "phpunit/phpunit": "~4.0"
            },
            "type": "library",
            "autoload": {
                "psr-0": {
                    "Bramus": "src/"
                }
            },
            "notification-url": "https://packagist.org/downloads/",
            "license": [
                "MIT"
            ],
            "authors": [
                {
                    "name": "Bram(us) Van Damme",
                    "email": "bramus@bram.us",
                    "homepage": "http://www.bram.us"
                }
            ],
            "description": "A lightweight and simple object oriented PHP Router",
            "homepage": "https://github.com/bramus/router",
            "keywords": [
                "router",
                "routing"
            ],
            "time": "2019-02-27T10:21:04+00:00"
        },
        {
            "name": "container-interop/container-interop",
            "version": "1.2.0",
            "source": {
                "type": "git",
                "url": "https://github.com/container-interop/container-interop.git",
                "reference": "79cbf1341c22ec75643d841642dd5d6acd83bdb8"
            },
            "dist": {
                "type": "zip",
                "url": "https://api.github.com/repos/container-interop/container-interop/zipball/79cbf1341c22ec75643d841642dd5d6acd83bdb8",
                "reference": "79cbf1341c22ec75643d841642dd5d6acd83bdb8",
                "shasum": ""
            },
            "require": {
                "psr/container": "^1.0"
            },
            "type": "library",
            "autoload": {
                "psr-4": {
                    "Interop\\Container\\": "src/Interop/Container/"
                }
            },
            "notification-url": "https://packagist.org/downloads/",
            "license": [
                "MIT"
            ],
            "description": "Promoting the interoperability of container objects (DIC, SL, etc.)",
            "homepage": "https://github.com/container-interop/container-interop",
            "time": "2017-02-14T19:40:03+00:00"
        },
        {
            "name": "gregwar/cache",
            "version": "v1.0.12",
            "target-dir": "Gregwar/Cache",
            "source": {
                "type": "git",
                "url": "https://github.com/Gregwar/Cache.git",
                "reference": "305d0f5a12c0beecbbd7e1de236f59f39e0c0ac3"
            },
            "dist": {
                "type": "zip",
                "url": "https://api.github.com/repos/Gregwar/Cache/zipball/305d0f5a12c0beecbbd7e1de236f59f39e0c0ac3",
                "reference": "305d0f5a12c0beecbbd7e1de236f59f39e0c0ac3",
                "shasum": ""
            },
            "require": {
                "php": ">=5.3"
            },
            "type": "library",
            "autoload": {
                "psr-0": {
                    "Gregwar\\Cache": ""
                }
            },
            "notification-url": "https://packagist.org/downloads/",
            "license": [
                "MIT"
            ],
            "authors": [
                {
                    "name": "Gregwar",
                    "email": "g.passault@gmail.com"
                }
            ],
            "description": "A lightweight file-system cache system",
            "keywords": [
                "cache",
                "caching",
                "file-system",
                "system"
            ],
            "time": "2016-09-23T08:16:04+00:00"
        },
        {
            "name": "gregwar/image",
            "version": "v2.0.25",
            "target-dir": "Gregwar/Image",
            "source": {
                "type": "git",
                "url": "https://github.com/Gregwar/Image.git",
                "reference": "03534d5760cbea5c96e6292041ff81a3bb205c36"
            },
            "dist": {
                "type": "zip",
                "url": "https://api.github.com/repos/Gregwar/Image/zipball/03534d5760cbea5c96e6292041ff81a3bb205c36",
                "reference": "03534d5760cbea5c96e6292041ff81a3bb205c36",
                "shasum": ""
            },
            "require": {
                "ext-gd": "*",
                "gregwar/cache": "^1.0.6",
                "php": "^5.3 || ^7.0"
            },
            "require-dev": {
                "sllh/php-cs-fixer-styleci-bridge": "~1.0",
                "symfony/phpunit-bridge": "^2.7.4 || ^3.0"
            },
            "suggest": {
                "behat/transliterator": "Transliterator provides ability to set non-latin1 pretty names"
            },
            "type": "library",
            "autoload": {
                "psr-0": {
                    "Gregwar\\Image": ""
                }
            },
            "notification-url": "https://packagist.org/downloads/",
            "license": [
                "MIT"
            ],
            "authors": [
                {
                    "name": "Grégoire Passault",
                    "email": "g.passault@gmail.com",
                    "homepage": "http://www.gregwar.com/"
                }
            ],
            "description": "Image handling",
            "homepage": "https://github.com/Gregwar/Image",
            "keywords": [
                "gd",
                "image"
            ],
            "time": "2019-03-01T15:55:29+00:00"
        },
        {
            "name": "haydenpierce/class-finder",
            "version": "0.3.3",
            "source": {
                "type": "git",
                "url": "https://gitlab.com/hpierce1102/ClassFinder.git",
                "reference": "35ecd4bd9a44e406804d99dee79ffb8c96fb0705"
            },
            "dist": {
                "type": "zip",
                "url": "https://gitlab.com/api/v4/projects/hpierce1102%2FClassFinder/repository/archive.zip?sha=35ecd4bd9a44e406804d99dee79ffb8c96fb0705",
                "reference": "35ecd4bd9a44e406804d99dee79ffb8c96fb0705",
                "shasum": ""
            },
            "require": {
                "ext-json": "*",
                "php": ">=5.3"
            },
            "require-dev": {
                "mikey179/vfsstream": "^1.6",
                "phpunit/phpunit": "4.8.36"
            },
            "type": "library",
            "autoload": {
                "psr-4": {
                    "HaydenPierce\\ClassFinder\\": "src/",
                    "HaydenPierce\\ClassFinder\\UnitTest\\": "test/unit"
                }
            },
            "notification-url": "https://packagist.org/downloads/",
            "license": [
                "MIT"
            ],
            "authors": [
                {
                    "name": "Hayden Pierce",
                    "email": "hayden@haydenpierce.com"
                }
            ],
            "description": "A library that can provide of a list of classes in a given namespace",
            "time": "2019-07-14T15:19:06+00:00"
        },
        {
            "name": "matthiasmullie/minify",
            "version": "1.3.61",
            "source": {
                "type": "git",
                "url": "https://github.com/matthiasmullie/minify.git",
                "reference": "d5acb8ce5b6acb7d11bafe97cecc533f6e4fd751"
            },
            "dist": {
                "type": "zip",
                "url": "https://api.github.com/repos/matthiasmullie/minify/zipball/d5acb8ce5b6acb7d11bafe97cecc533f6e4fd751",
                "reference": "d5acb8ce5b6acb7d11bafe97cecc533f6e4fd751",
                "shasum": ""
            },
            "require": {
                "ext-pcre": "*",
                "matthiasmullie/path-converter": "~1.1",
                "php": ">=5.3.0"
            },
            "require-dev": {
                "friendsofphp/php-cs-fixer": "~2.0",
                "matthiasmullie/scrapbook": "~1.0",
                "phpunit/phpunit": "~4.8"
            },
            "suggest": {
                "psr/cache-implementation": "Cache implementation to use with Minify::cache"
            },
            "bin": [
                "bin/minifycss",
                "bin/minifyjs"
            ],
            "type": "library",
            "autoload": {
                "psr-4": {
                    "MatthiasMullie\\Minify\\": "src/"
                }
            },
            "notification-url": "https://packagist.org/downloads/",
            "license": [
                "MIT"
            ],
            "authors": [
                {
                    "name": "Matthias Mullie",
                    "email": "minify@mullie.eu",
                    "homepage": "http://www.mullie.eu",
                    "role": "Developer"
                }
            ],
            "description": "CSS & JavaScript minifier, in PHP. Removes whitespace, strips comments, combines files (incl. @import statements and small assets in CSS files), and optimizes/shortens a few common programming patterns.",
            "homepage": "http://www.minifier.org",
            "keywords": [
                "JS",
                "css",
                "javascript",
                "minifier",
                "minify"
            ],
            "time": "2018-11-26T23:10:39+00:00"
        },
        {
            "name": "matthiasmullie/path-converter",
            "version": "1.1.2",
            "source": {
                "type": "git",
                "url": "https://github.com/matthiasmullie/path-converter.git",
                "reference": "5e4b121c8b9f97c80835c1d878b0812ba1d607c9"
            },
            "dist": {
                "type": "zip",
                "url": "https://api.github.com/repos/matthiasmullie/path-converter/zipball/5e4b121c8b9f97c80835c1d878b0812ba1d607c9",
                "reference": "5e4b121c8b9f97c80835c1d878b0812ba1d607c9",
                "shasum": ""
            },
            "require": {
                "ext-pcre": "*",
                "php": ">=5.3.0"
            },
            "require-dev": {
                "phpunit/phpunit": "~4.8"
            },
            "type": "library",
            "autoload": {
                "psr-4": {
                    "MatthiasMullie\\PathConverter\\": "src/"
                }
            },
            "notification-url": "https://packagist.org/downloads/",
            "license": [
                "MIT"
            ],
            "authors": [
                {
                    "name": "Matthias Mullie",
                    "email": "pathconverter@mullie.eu",
                    "homepage": "http://www.mullie.eu",
                    "role": "Developer"
                }
            ],
            "description": "Relative path converter",
            "homepage": "http://github.com/matthiasmullie/path-converter",
            "keywords": [
                "converter",
                "path",
                "paths",
                "relative"
            ],
            "time": "2018-10-25T15:19:41+00:00"
        },
        {
            "name": "mobiledetect/mobiledetectlib",
            "version": "2.8.33",
            "source": {
                "type": "git",
                "url": "https://github.com/serbanghita/Mobile-Detect.git",
                "reference": "cd385290f9a0d609d2eddd165a1e44ec1bf12102"
            },
            "dist": {
                "type": "zip",
                "url": "https://api.github.com/repos/serbanghita/Mobile-Detect/zipball/cd385290f9a0d609d2eddd165a1e44ec1bf12102",
                "reference": "cd385290f9a0d609d2eddd165a1e44ec1bf12102",
                "shasum": ""
            },
            "require": {
                "php": ">=5.0.0"
            },
            "require-dev": {
                "phpunit/phpunit": "~4.8.35||~5.7"
            },
            "type": "library",
            "autoload": {
                "classmap": [
                    "Mobile_Detect.php"
                ],
                "psr-0": {
                    "Detection": "namespaced/"
                }
            },
            "notification-url": "https://packagist.org/downloads/",
            "license": [
                "MIT"
            ],
            "authors": [
                {
                    "name": "Serban Ghita",
                    "email": "serbanghita@gmail.com",
                    "homepage": "http://mobiledetect.net",
                    "role": "Developer"
                }
            ],
            "description": "Mobile_Detect is a lightweight PHP class for detecting mobile devices. It uses the User-Agent string combined with specific HTTP headers to detect the mobile environment.",
            "homepage": "https://github.com/serbanghita/Mobile-Detect",
            "keywords": [
                "detect mobile devices",
                "mobile",
                "mobile detect",
                "mobile detector",
                "php mobile detect"
            ],
            "time": "2018-09-01T15:05:15+00:00"
        },
        {
            "name": "monolog/monolog",
            "version": "1.25.1",
            "source": {
                "type": "git",
                "url": "https://github.com/Seldaek/monolog.git",
                "reference": "70e65a5470a42cfec1a7da00d30edb6e617e8dcf"
            },
            "dist": {
                "type": "zip",
                "url": "https://api.github.com/repos/Seldaek/monolog/zipball/70e65a5470a42cfec1a7da00d30edb6e617e8dcf",
                "reference": "70e65a5470a42cfec1a7da00d30edb6e617e8dcf",
                "shasum": ""
            },
            "require": {
                "php": ">=5.3.0",
                "psr/log": "~1.0"
            },
            "provide": {
                "psr/log-implementation": "1.0.0"
            },
            "require-dev": {
                "aws/aws-sdk-php": "^2.4.9 || ^3.0",
                "doctrine/couchdb": "~1.0@dev",
                "graylog2/gelf-php": "~1.0",
                "jakub-onderka/php-parallel-lint": "0.9",
                "php-amqplib/php-amqplib": "~2.4",
                "php-console/php-console": "^3.1.3",
                "phpunit/phpunit": "~4.5",
                "phpunit/phpunit-mock-objects": "2.3.0",
                "ruflin/elastica": ">=0.90 <3.0",
                "sentry/sentry": "^0.13",
                "swiftmailer/swiftmailer": "^5.3|^6.0"
            },
            "suggest": {
                "aws/aws-sdk-php": "Allow sending log messages to AWS services like DynamoDB",
                "doctrine/couchdb": "Allow sending log messages to a CouchDB server",
                "ext-amqp": "Allow sending log messages to an AMQP server (1.0+ required)",
                "ext-mongo": "Allow sending log messages to a MongoDB server",
                "graylog2/gelf-php": "Allow sending log messages to a GrayLog2 server",
                "mongodb/mongodb": "Allow sending log messages to a MongoDB server via PHP Driver",
                "php-amqplib/php-amqplib": "Allow sending log messages to an AMQP server using php-amqplib",
                "php-console/php-console": "Allow sending log messages to Google Chrome",
                "rollbar/rollbar": "Allow sending log messages to Rollbar",
                "ruflin/elastica": "Allow sending log messages to an Elastic Search server",
                "sentry/sentry": "Allow sending log messages to a Sentry server"
            },
            "type": "library",
            "extra": {
                "branch-alias": {
                    "dev-master": "2.0.x-dev"
                }
            },
            "autoload": {
                "psr-4": {
                    "Monolog\\": "src/Monolog"
                }
            },
            "notification-url": "https://packagist.org/downloads/",
            "license": [
                "MIT"
            ],
            "authors": [
                {
                    "name": "Jordi Boggiano",
                    "email": "j.boggiano@seld.be",
                    "homepage": "http://seld.be"
                }
            ],
            "description": "Sends your logs to files, sockets, inboxes, databases and various web services",
            "homepage": "http://github.com/Seldaek/monolog",
            "keywords": [
                "log",
                "logging",
                "psr-3"
            ],
            "time": "2019-09-06T13:49:17+00:00"
        },
        {
            "name": "okaycms/license",
            "version": "1.0.3",
            "source": {
                "type": "git",
                "url": "https://github.com/OkayCMS/License.git",
                "reference": "0c29844b982df4ee3052e37af7ed6bba49a994da"
            },
            "dist": {
                "type": "zip",
                "url": "https://api.github.com/repos/OkayCMS/License/zipball/0c29844b982df4ee3052e37af7ed6bba49a994da",
                "reference": "0c29844b982df4ee3052e37af7ed6bba49a994da",
                "shasum": ""
            },
            "require": {
                "php": ">=5.6.0",
                "phpseclib/phpseclib": "~2.0"
            },
            "type": "okaycms-library",
            "autoload": {
                "psr-4": {
                    "OkayLicense\\": "src/OkayLicense/"
                }
            },
            "notification-url": "https://packagist.org/downloads/",
            "license": [
                "MIT"
            ],
            "authors": [
                {
                    "name": "Yanchuk Oleg",
                    "email": "yanchuk.oleg2@gmail.com"
                }
            ],
            "description": "License checker for OkayCMS",
            "time": "2019-09-13T09:51:17+00:00"
        },
        {
            "name": "phpmailer/phpmailer",
            "version": "v6.0.7",
            "source": {
                "type": "git",
                "url": "https://github.com/PHPMailer/PHPMailer.git",
                "reference": "0c41a36d4508d470e376498c1c0c527aa36a2d59"
            },
            "dist": {
                "type": "zip",
                "url": "https://api.github.com/repos/PHPMailer/PHPMailer/zipball/0c41a36d4508d470e376498c1c0c527aa36a2d59",
                "reference": "0c41a36d4508d470e376498c1c0c527aa36a2d59",
                "shasum": ""
            },
            "require": {
                "ext-ctype": "*",
                "ext-filter": "*",
                "php": ">=5.5.0"
            },
            "require-dev": {
                "doctrine/annotations": "1.2.*",
                "friendsofphp/php-cs-fixer": "^2.2",
                "phpdocumentor/phpdocumentor": "2.*",
                "phpunit/phpunit": "^4.8 || ^5.7",
                "zendframework/zend-eventmanager": "3.0.*",
                "zendframework/zend-i18n": "2.7.3",
                "zendframework/zend-serializer": "2.7.*"
            },
            "suggest": {
                "ext-mbstring": "Needed to send email in multibyte encoding charset",
                "hayageek/oauth2-yahoo": "Needed for Yahoo XOAUTH2 authentication",
                "league/oauth2-google": "Needed for Google XOAUTH2 authentication",
                "psr/log": "For optional PSR-3 debug logging",
                "stevenmaguire/oauth2-microsoft": "Needed for Microsoft XOAUTH2 authentication",
                "symfony/polyfill-mbstring": "To support UTF-8 if the Mbstring PHP extension is not enabled (^1.2)"
            },
            "type": "library",
            "autoload": {
                "psr-4": {
                    "PHPMailer\\PHPMailer\\": "src/"
                }
            },
            "notification-url": "https://packagist.org/downloads/",
            "license": [
                "LGPL-2.1"
            ],
            "authors": [
                {
                    "name": "Jim Jagielski",
                    "email": "jimjag@gmail.com"
                },
                {
                    "name": "Marcus Bointon",
                    "email": "phpmailer@synchromedia.co.uk"
                },
                {
                    "name": "Andy Prevost",
                    "email": "codeworxtech@users.sourceforge.net"
                },
                {
                    "name": "Brent R. Matzelle"
                }
            ],
            "description": "PHPMailer is a full-featured email creation and transfer class for PHP",
            "time": "2019-02-01T15:04:28+00:00"
        },
        {
            "name": "phpseclib/phpseclib",
            "version": "2.0.21",
            "source": {
                "type": "git",
                "url": "https://github.com/phpseclib/phpseclib.git",
                "reference": "9f1287e68b3f283339a9f98f67515dd619e5bf9d"
            },
            "dist": {
                "type": "zip",
                "url": "https://api.github.com/repos/phpseclib/phpseclib/zipball/9f1287e68b3f283339a9f98f67515dd619e5bf9d",
                "reference": "9f1287e68b3f283339a9f98f67515dd619e5bf9d",
                "shasum": ""
            },
            "require": {
                "php": ">=5.3.3"
            },
            "require-dev": {
                "phing/phing": "~2.7",
                "phpunit/phpunit": "^4.8.35|^5.7|^6.0",
                "sami/sami": "~2.0",
                "squizlabs/php_codesniffer": "~2.0"
            },
            "suggest": {
                "ext-gmp": "Install the GMP (GNU Multiple Precision) extension in order to speed up arbitrary precision integer arithmetic operations.",
                "ext-libsodium": "SSH2/SFTP can make use of some algorithms provided by the libsodium-php extension.",
                "ext-mcrypt": "Install the Mcrypt extension in order to speed up a few other cryptographic operations.",
                "ext-openssl": "Install the OpenSSL extension in order to speed up a wide variety of cryptographic operations."
            },
            "type": "library",
            "autoload": {
                "files": [
                    "phpseclib/bootstrap.php"
                ],
                "psr-4": {
                    "phpseclib\\": "phpseclib/"
                }
            },
            "notification-url": "https://packagist.org/downloads/",
            "license": [
                "MIT"
            ],
            "authors": [
                {
                    "name": "Jim Wigginton",
                    "email": "terrafrost@php.net",
                    "role": "Lead Developer"
                },
                {
                    "name": "Patrick Monnerat",
                    "email": "pm@datasphere.ch",
                    "role": "Developer"
                },
                {
                    "name": "Andreas Fischer",
                    "email": "bantu@phpbb.com",
                    "role": "Developer"
                },
                {
                    "name": "Hans-Jürgen Petrich",
                    "email": "petrich@tronic-media.com",
                    "role": "Developer"
                },
                {
                    "name": "Graham Campbell",
                    "email": "graham@alt-three.com",
                    "role": "Developer"
                }
            ],
            "description": "PHP Secure Communications Library - Pure-PHP implementations of RSA, AES, SSH2, SFTP, X.509 etc.",
            "homepage": "http://phpseclib.sourceforge.net",
            "keywords": [
                "BigInteger",
                "aes",
                "asn.1",
                "asn1",
                "blowfish",
                "crypto",
                "cryptography",
                "encryption",
                "rsa",
                "security",
                "sftp",
                "signature",
                "signing",
                "ssh",
                "twofish",
                "x.509",
                "x509"
            ],
            "time": "2019-07-12T12:53:49+00:00"
        },
        {
            "name": "psr/container",
            "version": "1.0.0",
            "source": {
                "type": "git",
                "url": "https://github.com/php-fig/container.git",
                "reference": "b7ce3b176482dbbc1245ebf52b181af44c2cf55f"
            },
            "dist": {
                "type": "zip",
                "url": "https://api.github.com/repos/php-fig/container/zipball/b7ce3b176482dbbc1245ebf52b181af44c2cf55f",
                "reference": "b7ce3b176482dbbc1245ebf52b181af44c2cf55f",
                "shasum": ""
            },
            "require": {
                "php": ">=5.3.0"
            },
            "type": "library",
            "extra": {
                "branch-alias": {
                    "dev-master": "1.0.x-dev"
                }
            },
            "autoload": {
                "psr-4": {
                    "Psr\\Container\\": "src/"
                }
            },
            "notification-url": "https://packagist.org/downloads/",
            "license": [
                "MIT"
            ],
            "authors": [
                {
                    "name": "PHP-FIG",
                    "homepage": "http://www.php-fig.org/"
                }
            ],
            "description": "Common Container Interface (PHP FIG PSR-11)",
            "homepage": "https://github.com/php-fig/container",
            "keywords": [
                "PSR-11",
                "container",
                "container-interface",
                "container-interop",
                "psr"
            ],
            "time": "2017-02-14T16:28:37+00:00"
        },
        {
            "name": "psr/log",
            "version": "1.1.0",
            "source": {
                "type": "git",
                "url": "https://github.com/php-fig/log.git",
                "reference": "6c001f1daafa3a3ac1d8ff69ee4db8e799a654dd"
            },
            "dist": {
                "type": "zip",
                "url": "https://api.github.com/repos/php-fig/log/zipball/6c001f1daafa3a3ac1d8ff69ee4db8e799a654dd",
                "reference": "6c001f1daafa3a3ac1d8ff69ee4db8e799a654dd",
                "shasum": ""
            },
            "require": {
                "php": ">=5.3.0"
            },
            "type": "library",
            "extra": {
                "branch-alias": {
                    "dev-master": "1.0.x-dev"
                }
            },
            "autoload": {
                "psr-4": {
                    "Psr\\Log\\": "Psr/Log/"
                }
            },
            "notification-url": "https://packagist.org/downloads/",
            "license": [
                "MIT"
            ],
            "authors": [
                {
                    "name": "PHP-FIG",
                    "homepage": "http://www.php-fig.org/"
                }
            ],
            "description": "Common interface for logging libraries",
            "homepage": "https://github.com/php-fig/log",
            "keywords": [
                "log",
                "psr",
                "psr-3"
            ],
            "time": "2018-11-20T15:27:04+00:00"
        },
        {
            "name": "sabberworm/php-css-parser",
            "version": "8.3.0",
            "source": {
                "type": "git",
                "url": "https://github.com/sabberworm/PHP-CSS-Parser.git",
                "reference": "91bcc3e3fdb7386c9a2e0e0aa09ca75cc43f121f"
            },
            "dist": {
                "type": "zip",
                "url": "https://api.github.com/repos/sabberworm/PHP-CSS-Parser/zipball/91bcc3e3fdb7386c9a2e0e0aa09ca75cc43f121f",
                "reference": "91bcc3e3fdb7386c9a2e0e0aa09ca75cc43f121f",
                "shasum": ""
            },
            "require": {
                "php": ">=5.3.2"
            },
            "require-dev": {
                "codacy/coverage": "^1.4",
                "phpunit/phpunit": "~4.8"
            },
            "type": "library",
            "autoload": {
                "psr-0": {
                    "Sabberworm\\CSS": "lib/"
                }
            },
            "notification-url": "https://packagist.org/downloads/",
            "license": [
                "MIT"
            ],
            "authors": [
                {
                    "name": "Raphael Schweikert"
                }
            ],
            "description": "Parser for CSS Files written in PHP",
            "homepage": "http://www.sabberworm.com/blog/2010/6/10/php-css-parser",
            "keywords": [
                "css",
                "parser",
                "stylesheet"
            ],
            "time": "2019-02-22T07:42:52+00:00"
        },
        {
            "name": "smarty/smarty",
            "version": "v3.1.33",
            "source": {
                "type": "git",
                "url": "https://github.com/smarty-php/smarty.git",
                "reference": "dd55b23121e55a3b4f1af90a707a6c4e5969530f"
            },
            "dist": {
                "type": "zip",
                "url": "https://api.github.com/repos/smarty-php/smarty/zipball/dd55b23121e55a3b4f1af90a707a6c4e5969530f",
                "reference": "dd55b23121e55a3b4f1af90a707a6c4e5969530f",
                "shasum": ""
            },
            "require": {
                "php": ">=5.2"
            },
            "type": "library",
            "extra": {
                "branch-alias": {
                    "dev-master": "3.1.x-dev"
                }
            },
            "autoload": {
                "files": [
                    "libs/bootstrap.php"
                ]
            },
            "notification-url": "https://packagist.org/downloads/",
            "license": [
                "LGPL-3.0"
            ],
            "authors": [
                {
                    "name": "Monte Ohrt",
                    "email": "monte@ohrt.com"
                },
                {
                    "name": "Uwe Tews",
                    "email": "uwe.tews@googlemail.com"
                },
                {
                    "name": "Rodney Rehm",
                    "email": "rodney.rehm@medialize.de"
                }
            ],
            "description": "Smarty - the compiling PHP template engine",
            "homepage": "http://www.smarty.net",
            "keywords": [
                "templating"
            ],
            "time": "2018-09-12T20:54:16+00:00"
        }
    ],
    "packages-dev": [],
    "aliases": [],
    "minimum-stability": "stable",
    "stability-flags": [],
    "prefer-stable": false,
    "prefer-lowest": false,
    "platform": {
        "ext-simplexml": "*",
        "ext-json": "*"
    },
    "platform-dev": []
}
